// !$*UTF8*$!
{
	archiveVersion = 1;
	classes = {
	};
	objectVersion = 77;
	objects = {

/* Begin PBXBuildFile section */
		9E1CCFF0301AA8FA00DFEB22 /* ShareToWritten.appex in Embed Foundation Extensions */ = {isa = PBXBuildFile; fileRef = 9E1CCFE6301AA8FA00DFEB22 /* ShareToWritten.appex */; settings = {ATTRIBUTES = (RemoveHeadersOnCopy, ); }; };
/* End PBXBuildFile section */

/* Begin PBXContainerItemProxy section */
		9E1CCFEE301AA8FA00DFEB22 /* PBXContainerItemProxy */ = {
			isa = PBXContainerItemProxy;
			containerPortal = A100000A2E10000A /* Project object */;
			proxyType = 1;
			remoteGlobalIDString = 9E1CCFE5301AA8FA00DFEB22;
			remoteInfo = ShareToWritten;
		};
		B200000B301AA8FA00DFEB22 /* PBXContainerItemProxy */ = {
			isa = PBXContainerItemProxy;
			containerPortal = A100000A2E10000A /* Project object */;
			proxyType = 1;
			remoteGlobalIDString = A10000062E100006;
			remoteInfo = Written;
		};
/* End PBXContainerItemProxy section */

/* Begin PBXCopyFilesBuildPhase section */
		9E1CCFF1301AA8FA00DFEB22 /* Embed Foundation Extensions */ = {
			isa = PBXCopyFilesBuildPhase;
			buildActionMask = 2147483647;
			dstPath = "";
			dstSubfolderSpec = 13;
			files = (
				9E1CCFF0301AA8FA00DFEB22 /* ShareToWritten.appex in Embed Foundation Extensions */,
			);
			name = "Embed Foundation Extensions";
			runOnlyForDeploymentPostprocessing = 0;
		};
/* End PBXCopyFilesBuildPhase section */

/* Begin PBXFileReference section */
		9E1CCFE6301AA8FA00DFEB22 /* ShareToWritten.appex */ = {isa = PBXFileReference; explicitFileType = "wrapper.app-extension"; includeInIndex = 0; path = ShareToWritten.appex; sourceTree = BUILT_PRODUCTS_DIR; };
		A10000052E100005 /* Written.app */ = {isa = PBXFileReference; explicitFileType = wrapper.application; includeInIndex = 0; path = Written.app; sourceTree = BUILT_PRODUCTS_DIR; };
		B2000005301AA8FA00DFEB22 /* WrittenUITests.xctest */ = {isa = PBXFileReference; explicitFileType = wrapper.cfbundle; includeInIndex = 0; path = WrittenUITests.xctest; sourceTree = BUILT_PRODUCTS_DIR; };
/* End PBXFileReference section */

/* Begin PBXFileSystemSynchronizedBuildFileExceptionSet section */
		9E1CCFF4301AA8FA00DFEB22 /* Exceptions for "ShareToWritten" folder in "ShareToWritten" target */ = {
			isa = PBXFileSystemSynchronizedBuildFileExceptionSet;
			membershipExceptions = (
				Info.plist,
			);
			target = 9E1CCFE5301AA8FA00DFEB22 /* ShareToWritten */;
		};
/* End PBXFileSystemSynchronizedBuildFileExceptionSet section */

/* Begin PBXFileSystemSynchronizedRootGroup section */
		9E1CCFE7301AA8FA00DFEB22 /* ShareToWritten */ = {
			isa = PBXFileSystemSynchronizedRootGroup;
			exceptions = (
				9E1CCFF4301AA8FA00DFEB22 /* Exceptions for "ShareToWritten" folder in "ShareToWritten" target */,
			);
			path = ShareToWritten;
			sourceTree = "<group>";
		};
		A10000012E100001 /* Written */ = {
			isa = PBXFileSystemSynchronizedRootGroup;
			path = Written;
			sourceTree = "<group>";
		};
		B2000006301AA8FA00DFEB22 /* WrittenUITests */ = {
			isa = PBXFileSystemSynchronizedRootGroup;
			path = WrittenUITests;
			sourceTree = "<group>";
		};
/* End PBXFileSystemSynchronizedRootGroup section */

/* Begin PBXFrameworksBuildPhase section */
		9E1CCFE3301AA8FA00DFEB22 /* Frameworks */ = {
			isa = PBXFrameworksBuildPhase;
			buildActionMask = 2147483647;
			files = (
			);
			runOnlyForDeploymentPostprocessing = 0;
		};
		A10000022E100002 /* Frameworks */ = {
			isa = PBXFrameworksBuildPhase;
			buildActionMask = 2147483647;
			files = (
			);
			runOnlyForDeploymentPostprocessing = 0;
		};
		B2000003301AA8FA00DFEB22 /* Frameworks */ = {
			isa = PBXFrameworksBuildPhase;
			buildActionMask = 2147483647;
			files = (
			);
			runOnlyForDeploymentPostprocessing = 0;
		};
/* End PBXFrameworksBuildPhase section */

/* Begin PBXGroup section */
		A10000032E100003 = {
			isa = PBXGroup;
			children = (
				A10000012E100001 /* Written */,
				9E1CCFE7301AA8FA00DFEB22 /* ShareToWritten */,
				B2000006301AA8FA00DFEB22 /* WrittenUITests */,
				A10000042E100004 /* Products */,
			);
			sourceTree = "<group>";
		};
		A10000042E100004 /* Products */ = {
			isa = PBXGroup;
			children = (
				A10000052E100005 /* Written.app */,
				9E1CCFE6301AA8FA00DFEB22 /* ShareToWritten.appex */,
				B2000005301AA8FA00DFEB22 /* WrittenUITests.xctest */,
			);
			name = Products;
			sourceTree = "<group>";
		};
/* End PBXGroup section */

/* Begin PBXNativeTarget section */
		9E1CCFE5301AA8FA00DFEB22 /* ShareToWritten */ = {
			isa = PBXNativeTarget;
			buildConfigurationList = 9E1CCFF5301AA8FA00DFEB22 /* Build configuration list for PBXNativeTarget "ShareToWritten" */;
			buildPhases = (
				9E1CCFE2301AA8FA00DFEB22 /* Sources */,
				9E1CCFE3301AA8FA00DFEB22 /* Frameworks */,
				9E1CCFE4301AA8FA00DFEB22 /* Resources */,
			);
			buildRules = (
			);
			dependencies = (
			);
			fileSystemSynchronizedGroups = (
				9E1CCFE7301AA8FA00DFEB22 /* ShareToWritten */,
			);
			name = ShareToWritten;
			packageProductDependencies = (
			);
			productName = ShareToWritten;
			productReference = 9E1CCFE6301AA8FA00DFEB22 /* ShareToWritten.appex */;
			productType = "com.apple.product-type.app-extension";
		};
		A10000062E100006 /* Written */ = {
			isa = PBXNativeTarget;
			buildConfigurationList = A10000072E100007 /* Build configuration list for PBXNativeTarget "Written" */;
			buildPhases = (
				A10000082E100008 /* Sources */,
				A10000022E100002 /* Frameworks */,
				A10000092E100009 /* Resources */,
				9E1CCFF1301AA8FA00DFEB22 /* Embed Foundation Extensions */,
			);
			buildRules = (
			);
			dependencies = (
				9E1CCFEF301AA8FA00DFEB22 /* PBXTargetDependency */,
			);
			fileSystemSynchronizedGroups = (
				A10000012E100001 /* Written */,
			);
			name = Written;
			packageProductDependencies = (
			);
			productName = Written;
			productReference = A10000052E100005 /* Written.app */;
			productType = "com.apple.product-type.application";
		};
		B2000001301AA8FA00DFEB22 /* WrittenUITests */ = {
			isa = PBXNativeTarget;
			buildConfigurationList = B2000007301AA8FA00DFEB22 /* Build configuration list for PBXNativeTarget "WrittenUITests" */;
			buildPhases = (
				B2000002301AA8FA00DFEB22 /* Sources */,
				B2000003301AA8FA00DFEB22 /* Frameworks */,
				B2000004301AA8FA00DFEB22 /* Resources */,
			);
			buildRules = (
			);
			dependencies = (
				B200000A301AA8FA00DFEB22 /* PBXTargetDependency */,
			);
			fileSystemSynchronizedGroups = (
				B2000006301AA8FA00DFEB22 /* WrittenUITests */,
			);
			name = WrittenUITests;
			packageProductDependencies = (
			);
			productName = WrittenUITests;
			productReference = B2000005301AA8FA00DFEB22 /* WrittenUITests.xctest */;
			productType = "com.apple.product-type.bundle.ui-testing";
		};
/* End PBXNativeTarget section */

/* Begin PBXProject section */
		A100000A2E10000A /* Project object */ = {
			isa = PBXProject;
			attributes = {
				BuildIndependentTargetsInParallel = 1;
				LastSwiftUpdateCheck = 2660;
				LastUpgradeCheck = 1600;
				TargetAttributes = {
					9E1CCFE5301AA8FA00DFEB22 = {
						CreatedOnToolsVersion = 26.6;
					};
					A10000062E100006 = {
						CreatedOnToolsVersion = 16.0;
					};
					B2000001301AA8FA00DFEB22 = {
						CreatedOnToolsVersion = 26.6;
						TestTargetID = A10000062E100006;
					};
				};
			};
			buildConfigurationList = A100000B2E10000B /* Build configuration list for PBXProject "Written" */;
			developmentRegion = en;
			hasScannedForEncodings = 0;
			knownRegions = (
				en,
				Base,
			);
			mainGroup = A10000032E100003;
			minimizedProjectReferenceProxies = 1;
			preferredProjectObjectVersion = 77;
			productRefGroup = A10000042E100004 /* Products */;
			projectDirPath = "";
			projectRoot = "";
			targets = (
				A10000062E100006 /* Written */,
				9E1CCFE5301AA8FA00DFEB22 /* ShareToWritten */,
				B2000001301AA8FA00DFEB22 /* WrittenUITests */,
			);
		};
/* End PBXProject section */

/* Begin PBXResourcesBuildPhase section */
		9E1CCFE4301AA8FA00DFEB22 /* Resources */ = {
			isa = PBXResourcesBuildPhase;
			buildActionMask = 2147483647;
			files = (
			);
			runOnlyForDeploymentPostprocessing = 0;
		};
		A10000092E100009 /* Resources */ = {
			isa = PBXResourcesBuildPhase;
			buildActionMask = 2147483647;
			files = (
			);
			runOnlyForDeploymentPostprocessing = 0;
		};
		B2000004301AA8FA00DFEB22 /* Resources */ = {
			isa = PBXResourcesBuildPhase;
			buildActionMask = 2147483647;
			files = (
			);
			runOnlyForDeploymentPostprocessing = 0;
		};
/* End PBXResourcesBuildPhase section */

/* Begin PBXSourcesBuildPhase section */
		9E1CCFE2301AA8FA00DFEB22 /* Sources */ = {
			isa = PBXSourcesBuildPhase;
			buildActionMask = 2147483647;
			files = (
			);
			runOnlyForDeploymentPostprocessing = 0;
		};
		A10000082E100008 /* Sources */ = {
			isa = PBXSourcesBuildPhase;
			buildActionMask = 2147483647;
			files = (
			);
			runOnlyForDeploymentPostprocessing = 0;
		};
		B2000002301AA8FA00DFEB22 /* Sources */ = {
			isa = PBXSourcesBuildPhase;
			buildActionMask = 2147483647;
			files = (
			);
			runOnlyForDeploymentPostprocessing = 0;
		};
/* End PBXSourcesBuildPhase section */

/* Begin PBXTargetDependency section */
		9E1CCFEF301AA8FA00DFEB22 /* PBXTargetDependency */ = {
			isa = PBXTargetDependency;
			target = 9E1CCFE5301AA8FA00DFEB22 /* ShareToWritten */;
			targetProxy = 9E1CCFEE301AA8FA00DFEB22 /* PBXContainerItemProxy */;
		};
		B200000A301AA8FA00DFEB22 /* PBXTargetDependency */ = {
			isa = PBXTargetDependency;
			target = A10000062E100006 /* Written */;
			targetProxy = B200000B301AA8FA00DFEB22 /* PBXContainerItemProxy */;
		};
/* End PBXTargetDependency section */

/* Begin XCBuildConfiguration section */
		9E1CCFF2301AA8FA00DFEB22 /* Debug */ = {
			isa = XCBuildConfiguration;
			buildSettings = {
				CODE_SIGN_ENTITLEMENTS = ShareToWritten/ShareToWritten.entitlements;
				CODE_SIGN_STYLE = Automatic;
				CURRENT_PROJECT_VERSION = 14;
				DEVELOPMENT_TEAM = 947DHTL37S;
				GENERATE_INFOPLIST_FILE = YES;
				INFOPLIST_FILE = ShareToWritten/Info.plist;
				INFOPLIST_KEY_CFBundleDisplayName = Written;
				INFOPLIST_KEY_NSHumanReadableCopyright = "";
				IPHONEOS_DEPLOYMENT_TARGET = 16.0;
				LD_RUNPATH_SEARCH_PATHS = (
					"$(inherited)",
					"@executable_path/Frameworks",
					"@executable_path/../../Frameworks",
				);
				MARKETING_VERSION = 1.0;
				PRODUCT_BUNDLE_IDENTIFIER = com.written.datingapp.ShareToWritten;
				PRODUCT_NAME = "$(TARGET_NAME)";
				SKIP_INSTALL = YES;
				STRING_CATALOG_GENERATE_SYMBOLS = YES;
				SWIFT_APPROACHABLE_CONCURRENCY = YES;
				SWIFT_EMIT_LOC_STRINGS = YES;
				SWIFT_UPCOMING_FEATURE_MEMBER_IMPORT_VISIBILITY = YES;
				SWIFT_VERSION = 5.0;
				TARGETED_DEVICE_FAMILY = "1,2";
			};
			name = Debug;
		};
		9E1CCFF3301AA8FA00DFEB22 /* Release */ = {
			isa = XCBuildConfiguration;
			buildSettings = {
				CODE_SIGN_ENTITLEMENTS = ShareToWritten/ShareToWritten.entitlements;
				CODE_SIGN_STYLE = Automatic;
				CURRENT_PROJECT_VERSION = 14;
				DEVELOPMENT_TEAM = 947DHTL37S;
				GENERATE_INFOPLIST_FILE = YES;
				INFOPLIST_FILE = ShareToWritten/Info.plist;
				INFOPLIST_KEY_CFBundleDisplayName = Written;
				INFOPLIST_KEY_NSHumanReadableCopyright = "";
				IPHONEOS_DEPLOYMENT_TARGET = 16.0;
				LD_RUNPATH_SEARCH_PATHS = (
					"$(inherited)",
					"@executable_path/Frameworks",
					"@executable_path/../../Frameworks",
				);
				MARKETING_VERSION = 1.0;
				PRODUCT_BUNDLE_IDENTIFIER = com.written.datingapp.ShareToWritten;
				PRODUCT_NAME = "$(TARGET_NAME)";
				SKIP_INSTALL = YES;
				STRING_CATALOG_GENERATE_SYMBOLS = YES;
				SWIFT_APPROACHABLE_CONCURRENCY = YES;
				SWIFT_EMIT_LOC_STRINGS = YES;
				SWIFT_UPCOMING_FEATURE_MEMBER_IMPORT_VISIBILITY = YES;
				SWIFT_VERSION = 5.0;
				TARGETED_DEVICE_FAMILY = "1,2";
				VALIDATE_PRODUCT = YES;
			};
			name = Release;
		};
		A100000C2E10000C /* Debug */ = {
			isa = XCBuildConfiguration;
			buildSettings = {
				ALWAYS_SEARCH_USER_PATHS = NO;
				ASSETCATALOG_COMPILER_GENERATE_SWIFT_ASSET_SYMBOL_EXTENSIONS = YES;
				CLANG_ANALYZER_NONNULL = YES;
				CLANG_ANALYZER_NUMBER_OBJECT_CONVERSION = YES_AGGRESSIVE;
				CLANG_CXX_LANGUAGE_STANDARD = "gnu++20";
				CLANG_ENABLE_MODULES = YES;
				CLANG_ENABLE_OBJC_ARC = YES;
				CLANG_ENABLE_OBJC_WEAK = YES;
				CLANG_WARN_BLOCK_CAPTURE_AUTORELEASING = YES;
				CLANG_WARN_BOOL_CONVERSION = YES;
				CLANG_WARN_COMMA = YES;
				CLANG_WARN_CONSTANT_CONVERSION = YES;
				CLANG_WARN_DEPRECATED_OBJC_IMPLEMENTATIONS = YES;
				CLANG_WARN_DIRECT_OBJC_ISA_USAGE = YES_ERROR;
				CLANG_WARN_DOCUMENTATION_COMMENTS = YES;
				CLANG_WARN_EMPTY_BODY = YES;
				CLANG_WARN_ENUM_CONVERSION = YES;
				CLANG_WARN_INFINITE_RECURSION = YES;
				CLANG_WARN_INT_CONVERSION = YES;
				CLANG_WARN_NON_LITERAL_NULL_CONVERSION = YES;
				CLANG_WARN_OBJC_IMPLICIT_RETAIN_SELF = YES;
				CLANG_WARN_OBJC_LITERAL_CONVERSION = YES;
				CLANG_WARN_OBJC_ROOT_CLASS = YES_ERROR;
				CLANG_WARN_QUOTED_INCLUDE_IN_FRAMEWORK_HEADER = YES;
				CLANG_WARN_RANGE_LOOP_ANALYSIS = YES;
				CLANG_WARN_STRICT_PROTOTYPES = YES;
				CLANG_WARN_SUSPICIOUS_MOVE = YES;
				CLANG_WARN_UNGUARDED_AVAILABILITY = YES_AGGRESSIVE;
				CLANG_WARN_UNREACHABLE_CODE = YES;
				CLANG_WARN__DUPLICATE_METHOD_MATCH = YES;
				COPY_PHASE_STRIP = NO;
				DEBUG_INFORMATION_FORMAT = dwarf;
				ENABLE_STRICT_OBJC_MSGSEND = YES;
				ENABLE_TESTABILITY = YES;
				ENABLE_USER_SCRIPT_SANDBOXING = YES;
				GCC_C_LANGUAGE_STANDARD = gnu17;
				GCC_DYNAMIC_NO_PIC = NO;
				GCC_NO_COMMON_BLOCKS = YES;
				GCC_OPTIMIZATION_LEVEL = 0;
				GCC_PREPROCESSOR_DEFINITIONS = (
					"DEBUG=1",
					"$(inherited)",
				);
				GCC_WARN_64_TO_32_BIT_CONVERSION = YES;
				GCC_WARN_ABOUT_RETURN_TYPE = YES_ERROR;
				GCC_WARN_UNDECLARED_SELECTOR = YES;
				GCC_WARN_UNINITIALIZED_AUTOS = YES_AGGRESSIVE;
				GCC_WARN_UNUSED_FUNCTION = YES;
				GCC_WARN_UNUSED_VARIABLE = YES;
				IPHONEOS_DEPLOYMENT_TARGET = 16.0;
				LOCALIZATION_PREFERS_STRING_CATALOGS = YES;
				MTL_ENABLE_DEBUG_INFO = INCLUDE_SOURCE;
				MTL_FAST_MATH = YES;
				ONLY_ACTIVE_ARCH = YES;
				SDKROOT = iphoneos;
				SWIFT_ACTIVE_COMPILATION_CONDITIONS = "DEBUG $(inherited)";
				SWIFT_OPTIMIZATION_LEVEL = "-Onone";
			};
			name = Debug;
		};
		A100000D2E10000D /* Release */ = {
			isa = XCBuildConfiguration;
			buildSettings = {
				ALWAYS_SEARCH_USER_PATHS = NO;
				ASSETCATALOG_COMPILER_GENERATE_SWIFT_ASSET_SYMBOL_EXTENSIONS = YES;
				CLANG_ANALYZER_NONNULL = YES;
				CLANG_ANALYZER_NUMBER_OBJECT_CONVERSION = YES_AGGRESSIVE;
				CLANG_CXX_LANGUAGE_STANDARD = "gnu++20";
				CLANG_ENABLE_MODULES = YES;
				CLANG_ENABLE_OBJC_ARC = YES;
				CLANG_ENABLE_OBJC_WEAK = YES;
				CLANG_WARN_BLOCK_CAPTURE_AUTORELEASING = YES;
				CLANG_WARN_BOOL_CONVERSION = YES;
				CLANG_WARN_COMMA = YES;
				CLANG_WARN_CONSTANT_CONVERSION = YES;
				CLANG_WARN_DEPRECATED_OBJC_IMPLEMENTATIONS = YES;
				CLANG_WARN_DIRECT_OBJC_ISA_USAGE = YES_ERROR;
				CLANG_WARN_DOCUMENTATION_COMMENTS = YES;
				CLANG_WARN_EMPTY_BODY = YES;
				CLANG_WARN_ENUM_CONVERSION = YES;
				CLANG_WARN_INFINITE_RECURSION = YES;
				CLANG_WARN_INT_CONVERSION = YES;
				CLANG_WARN_NON_LITERAL_NULL_CONVERSION = YES;
				CLANG_WARN_OBJC_IMPLICIT_RETAIN_SELF = YES;
				CLANG_WARN_OBJC_LITERAL_CONVERSION = YES;
				CLANG_WARN_OBJC_ROOT_CLASS = YES_ERROR;
				CLANG_WARN_QUOTED_INCLUDE_IN_FRAMEWORK_HEADER = YES;
				CLANG_WARN_RANGE_LOOP_ANALYSIS = YES;
				CLANG_WARN_STRICT_PROTOTYPES = YES;
				CLANG_WARN_SUSPICIOUS_MOVE = YES;
				CLANG_WARN_UNGUARDED_AVAILABILITY = YES_AGGRESSIVE;
				CLANG_WARN_UNREACHABLE_CODE = YES;
				CLANG_WARN__DUPLICATE_METHOD_MATCH = YES;
				COPY_PHASE_STRIP = NO;
				DEBUG_INFORMATION_FORMAT = "dwarf-with-dsym";
				ENABLE_NS_ASSERTIONS = NO;
				ENABLE_STRICT_OBJC_MSGSEND = YES;
				ENABLE_USER_SCRIPT_SANDBOXING = YES;
				GCC_C_LANGUAGE_STANDARD = gnu17;
				GCC_NO_COMMON_BLOCKS = YES;
				GCC_WARN_64_TO_32_BIT_CONVERSION = YES;
				GCC_WARN_ABOUT_RETURN_TYPE = YES_ERROR;
				GCC_WARN_UNDECLARED_SELECTOR = YES;
				GCC_WARN_UNINITIALIZED_AUTOS = YES_AGGRESSIVE;
				GCC_WARN_UNUSED_FUNCTION = YES;
				GCC_WARN_UNUSED_VARIABLE = YES;
				IPHONEOS_DEPLOYMENT_TARGET = 16.0;
				LOCALIZATION_PREFERS_STRING_CATALOGS = YES;
				MTL_ENABLE_DEBUG_INFO = NO;
				MTL_FAST_MATH = YES;
				SDKROOT = iphoneos;
				SWIFT_COMPILATION_MODE = wholemodule;
			};
			name = Release;
		};
		A100000E2E10000E /* Debug */ = {
			isa = XCBuildConfiguration;
			buildSettings = {
				ASSETCATALOG_COMPILER_APPICON_NAME = AppIcon;
				ASSETCATALOG_COMPILER_GLOBAL_ACCENT_COLOR_NAME = AccentColor;
				CODE_SIGN_ENTITLEMENTS = Written.entitlements;
				CODE_SIGN_STYLE = Automatic;
				CURRENT_PROJECT_VERSION = 14;
				DEVELOPMENT_TEAM = 947DHTL37S;
				ENABLE_PREVIEWS = YES;
				GENERATE_INFOPLIST_FILE = YES;
				INFOPLIST_KEY_ITSAppUsesNonExemptEncryption = NO;
				INFOPLIST_KEY_LSApplicationCategoryType = "public.app-category.social-networking";
				INFOPLIST_KEY_NSAppleMusicUsageDescription = "Written reads your music library and listening history — artists, songs, playlists, play counts — to build your dating profile. It is saved to your Written account so your profile survives a new phone.";
				INFOPLIST_KEY_NSCalendarsFullAccessUsageDescription = "Written reads your calendar event titles, locations, and organizers when you connect Apple Calendar, then uses them to build and sync your dating profile.";
				INFOPLIST_KEY_NSCalendarsUsageDescription = "Written reads your calendar event titles, locations, and organizers when you connect Apple Calendar, then uses them to build and sync your dating profile.";
				INFOPLIST_KEY_NSHealthShareUsageDescription = "Written reads your workouts and activity to build your dating profile. Nothing is written back to Health, and your raw health records never leave this phone — only summaries such as your usual sport and typical wake time are saved to your account.";
				INFOPLIST_KEY_NSHealthUpdateUsageDescription = "Written never writes anything to Apple Health. It only reads your workouts and activity to build your profile.";
				INFOPLIST_KEY_NSLocationWhenInUseUsageDescription = "Written shows the district you are in on your profile. It takes one reading, keeps only the district and city, and never follows your location.";
				INFOPLIST_KEY_NSMicrophoneUsageDescription = "Written records voice messages when you hold the microphone in a chat. Nothing is recorded until you hold it, and nothing is sent until you tap send.";
				INFOPLIST_KEY_UIApplicationSceneManifest_Generation = YES;
				INFOPLIST_KEY_UIApplicationSupportsIndirectInputEvents = YES;
				INFOPLIST_KEY_UILaunchScreen_Generation = YES;
				INFOPLIST_KEY_UISupportedInterfaceOrientations_iPhone = UIInterfaceOrientationPortrait;
				LD_RUNPATH_SEARCH_PATHS = (
					"$(inherited)",
					"@executable_path/Frameworks",
				);
				MARKETING_VERSION = 1.0;
				PRODUCT_BUNDLE_IDENTIFIER = com.written.datingapp;
				PRODUCT_NAME = "$(TARGET_NAME)";
				SWIFT_EMIT_LOC_STRINGS = YES;
				SWIFT_VERSION = 5.0;
				TARGETED_DEVICE_FAMILY = 1;
			};
			name = Debug;
		};
		A100000F2E10000F /* Release */ = {
			isa = XCBuildConfiguration;
			buildSettings = {
				ASSETCATALOG_COMPILER_APPICON_NAME = AppIcon;
				ASSETCATALOG_COMPILER_GLOBAL_ACCENT_COLOR_NAME = AccentColor;
				CODE_SIGN_ENTITLEMENTS = Written.entitlements;
				CODE_SIGN_STYLE = Automatic;
				CURRENT_PROJECT_VERSION = 14;
				DEVELOPMENT_TEAM = 947DHTL37S;
				ENABLE_PREVIEWS = YES;
				GENERATE_INFOPLIST_FILE = YES;
				INFOPLIST_KEY_ITSAppUsesNonExemptEncryption = NO;
				INFOPLIST_KEY_LSApplicationCategoryType = "public.app-category.social-networking";
				INFOPLIST_KEY_NSAppleMusicUsageDescription = "Written reads your music library and listening history — artists, songs, playlists, play counts — to build your dating profile. It is saved to your Written account so your profile survives a new phone.";
				INFOPLIST_KEY_NSCalendarsFullAccessUsageDescription = "Written reads your calendar event titles, locations, and organizers when you connect Apple Calendar, then uses them to build and sync your dating profile.";
				INFOPLIST_KEY_NSCalendarsUsageDescription = "Written reads your calendar event titles, locations, and organizers when you connect Apple Calendar, then uses them to build and sync your dating profile.";
				INFOPLIST_KEY_NSHealthShareUsageDescription = "Written reads your workouts and activity to build your dating profile. Nothing is written back to Health, and your raw health records never leave this phone — only summaries such as your usual sport and typical wake time are saved to your account.";
				INFOPLIST_KEY_NSHealthUpdateUsageDescription = "Written never writes anything to Apple Health. It only reads your workouts and activity to build your profile.";
				INFOPLIST_KEY_NSLocationWhenInUseUsageDescription = "Written shows the district you are in on your profile. It takes one reading, keeps only the district and city, and never follows your location.";
				INFOPLIST_KEY_NSMicrophoneUsageDescription = "Written records voice messages when you hold the microphone in a chat. Nothing is recorded until you hold it, and nothing is sent until you tap send.";
				INFOPLIST_KEY_UIApplicationSceneManifest_Generation = YES;
				INFOPLIST_KEY_UIApplicationSupportsIndirectInputEvents = YES;
				INFOPLIST_KEY_UILaunchScreen_Generation = YES;
				INFOPLIST_KEY_UISupportedInterfaceOrientations_iPhone = UIInterfaceOrientationPortrait;
				LD_RUNPATH_SEARCH_PATHS = (
					"$(inherited)",
					"@executable_path/Frameworks",
				);
				MARKETING_VERSION = 1.0;
				PRODUCT_BUNDLE_IDENTIFIER = com.written.datingapp;
				PRODUCT_NAME = "$(TARGET_NAME)";
				SWIFT_EMIT_LOC_STRINGS = YES;
				SWIFT_VERSION = 5.0;
				TARGETED_DEVICE_FAMILY = 1;
			};
			name = Release;
		};
		B2000008301AA8FA00DFEB22 /* Debug */ = {
			isa = XCBuildConfiguration;
			buildSettings = {
				CODE_SIGN_STYLE = Automatic;
				CURRENT_PROJECT_VERSION = 14;
				DEVELOPMENT_TEAM = 947DHTL37S;
				GENERATE_INFOPLIST_FILE = YES;
				IPHONEOS_DEPLOYMENT_TARGET = 16.0;
				MARKETING_VERSION = 1.0;
				PRODUCT_BUNDLE_IDENTIFIER = com.written.datingapp.WrittenUITests;
				PRODUCT_NAME = "$(TARGET_NAME)";
				SWIFT_EMIT_LOC_STRINGS = NO;
				SWIFT_VERSION = 5.0;
				TARGETED_DEVICE_FAMILY = "1,2";
				TEST_TARGET_NAME = Written;
			};
			name = Debug;
		};
		B2000009301AA8FA00DFEB22 /* Release */ = {
			isa = XCBuildConfiguration;
			buildSettings = {
				CODE_SIGN_STYLE = Automatic;
				CURRENT_PROJECT_VERSION = 14;
				DEVELOPMENT_TEAM = 947DHTL37S;
				GENERATE_INFOPLIST_FILE = YES;
				IPHONEOS_DEPLOYMENT_TARGET = 16.0;
				MARKETING_VERSION = 1.0;
				PRODUCT_BUNDLE_IDENTIFIER = com.written.datingapp.WrittenUITests;
				PRODUCT_NAME = "$(TARGET_NAME)";
				SWIFT_EMIT_LOC_STRINGS = NO;
				SWIFT_VERSION = 5.0;
				TARGETED_DEVICE_FAMILY = "1,2";
				TEST_TARGET_NAME = Written;
			};
			name = Release;
		};
/* End XCBuildConfiguration section */

/* Begin XCConfigurationList section */
		9E1CCFF5301AA8FA00DFEB22 /* Build configuration list for PBXNativeTarget "ShareToWritten" */ = {
			isa = XCConfigurationList;
			buildConfigurations = (
				9E1CCFF2301AA8FA00DFEB22 /* Debug */,
				9E1CCFF3301AA8FA00DFEB22 /* Release */,
			);
			defaultConfigurationIsVisible = 0;
			defaultConfigurationName = Release;
		};
		A10000072E100007 /* Build configuration list for PBXNativeTarget "Written" */ = {
			isa = XCConfigurationList;
			buildConfigurations = (
				A100000E2E10000E /* Debug */,
				A100000F2E10000F /* Release */,
			);
			defaultConfigurationIsVisible = 0;
			defaultConfigurationName = Release;
		};
		A100000B2E10000B /* Build configuration list for PBXProject "Written" */ = {
			isa = XCConfigurationList;
			buildConfigurations = (
				A100000C2E10000C /* Debug */,
				A100000D2E10000D /* Release */,
			);
			defaultConfigurationIsVisible = 0;
			defaultConfigurationName = Release;
		};
		B2000007301AA8FA00DFEB22 /* Build configuration list for PBXNativeTarget "WrittenUITests" */ = {
			isa = XCConfigurationList;
			buildConfigurations = (
				B2000008301AA8FA00DFEB22 /* Debug */,
				B2000009301AA8FA00DFEB22 /* Release */,
			);
			defaultConfigurationIsVisible = 0;
			defaultConfigurationName = Release;
		};
/* End XCConfigurationList section */
	};
	rootObject = A100000A2E10000A /* Project object */;
}
